{
  "version": 4,
  "terraform_version": "1.2.2",
  "serial": 34,
  "lineage": "685cefbe-8a36-e214-5a54-68140cdf5ff3",
  "outputs": {},
  "resources": [
    {
      "module": "module.cloudbuild",
      "mode": "data",
      "type": "google_project",
      "name": "project",
      "provider": "provider[\"registry.terraform.io/hashicorp/google\"]",
      "instances": [
        {
          "schema_version": 0,
          "attributes": {
            "auto_create_network": null,
            "billing_account": "0133E7-CE5DA2-A0783A",
            "folder_id": "",
            "id": "projects/trakto-dev",
            "labels": {},
            "name": "Trakto Development",
            "number": "134604978530",
            "org_id": "539125293914",
            "project_id": "trakto-dev",
            "skip_delete": null
          },
          "sensitive_attributes": []
        }
      ]
    },
    {
      "module": "module.cloudbuild",
      "mode": "managed",
      "type": "google_cloudbuild_trigger",
      "name": "example_trigger",
      "provider": "provider[\"registry.terraform.io/hashicorp/google\"]",
      "instances": []
    },
    {
      "module": "module.cloudbuild",
      "mode": "managed",
      "type": "google_project_iam_member",
      "name": "logs_writer",
      "provider": "provider[\"registry.terraform.io/hashicorp/google\"]",
      "instances": [
        {
          "schema_version": 0,
          "attributes": {
            "condition": [],
            "etag": "BwXiFKHMP/s=",
            "id": "trakto-dev/roles/logging.logWriter/serviceAccount:trakto-dev@trakto-dev.iam.gserviceaccount.com",
            "member": "serviceAccount:trakto-dev@trakto-dev.iam.gserviceaccount.com",
            "project": "trakto-dev",
            "role": "roles/logging.logWriter"
          },
          "sensitive_attributes": [],
          "private": "bnVsbA==",
          "dependencies": [
            "module.cloudbuild.google_service_account.cloudbuild_service_account"
          ]
        }
      ]
    },
    {
      "module": "module.cloudbuild",
      "mode": "managed",
      "type": "google_service_account",
      "name": "cloudbuild_service_account",
      "provider": "provider[\"registry.terraform.io/hashicorp/google\"]",
      "instances": [
        {
          "schema_version": 0,
          "attributes": {
            "account_id": "trakto-dev",
            "description": "",
            "disabled": false,
            "display_name": "",
            "email": "trakto-dev@trakto-dev.iam.gserviceaccount.com",
            "id": "projects/trakto-dev/serviceAccounts/trakto-dev@trakto-dev.iam.gserviceaccount.com",
            "name": "projects/trakto-dev/serviceAccounts/trakto-dev@trakto-dev.iam.gserviceaccount.com",
            "project": "trakto-dev",
            "timeouts": null,
            "unique_id": "111209788845757698738"
          },
          "sensitive_attributes": [],
          "private": "eyJlMmJmYjczMC1lY2FhLTExZTYtOGY4OC0zNDM2M2JjN2M0YzAiOnsiY3JlYXRlIjozMDAwMDAwMDAwMDB9fQ=="
        }
      ]
    }
  ]
}
